
Microsoft Visual Studio Solution File, Format Version 12.00
# Visual Studio Version 17
VisualStudioVersion = 17.5.33530.505
MinimumVisualStudioVersion = 10.0.40219.1
Project("{FAE04EC0-301F-11D3-BF4B-00C04F79EFBC}") = "SamuraiIP", "SamuraiIP.csproj", "{8FB16516-02AA-4CD4-A7DA-C3C2EC092583}"
EndProject
Global
	GlobalSection(SolutionConfigurationPlatforms) = preSolution
		Debug|Any CPU = Debug|Any CPU
		Release|Any CPU = Release|Any CPU
	EndGlobalSection
	GlobalSection(ProjectConfigurationPlatforms) = postSolution
		{8FB16516-02AA-4CD4-A7DA-C3C2EC092583}.Debug|Any CPU.ActiveCfg = Debug|Any CPU
		{8FB16516-02AA-4CD4-A7DA-C3C2EC092583}.Debug|Any CPU.Build.0 = Debug|Any CPU
		{8FB16516-02AA-4CD4-A7DA-C3C2EC092583}.Release|Any CPU.ActiveCfg = Release|Any CPU
		{8FB16516-02AA-4CD4-A7DA-C3C2EC092583}.Release|Any CPU.Build.0 = Release|Any CPU
	EndGlobalSection
	GlobalSection(SolutionProperties) = preSolution
		HideSolutionNode = FALSE
	EndGlobalSection
	GlobalSection(ExtensibilityGlobals) = postSolution
		SolutionGuid = {C72F9662-E967-4E35-AF0A-53ACE568512B}
	EndGlobalSection
EndGlobal
